
Microsoft Visual Studio Solution File, Format Version 12.00
# Visual Studio Version 17
VisualStudioVersion = 17.1.32228.430
MinimumVisualStudioVersion = 10.0.40219.1
Project("{FAE04EC0-301F-11D3-BF4B-00C04F79EFBC}") = "Calculator", "Calculator\Calculator.csproj", "{6CCA78A3-FB64-402B-8E55-8FDDF604A86A}"
EndProject
Project("{FAE04EC0-301F-11D3-BF4B-00C04F79EFBC}") = "CalculTest", "CalculTest\CalculTest.csproj", "{EB87A028-5AD4-4DDC-B9A1-DC27D485EACB}"
EndProject
Global
	GlobalSection(SolutionConfigurationPlatforms) = preSolution
		Debug|Any CPU = Debug|Any CPU
		Release|Any CPU = Release|Any CPU
	EndGlobalSection
	GlobalSection(ProjectConfigurationPlatforms) = postSolution
		{6CCA78A3-FB64-402B-8E55-8FDDF604A86A}.Debug|Any CPU.ActiveCfg = Debug|Any CPU
		{6CCA78A3-FB64-402B-8E55-8FDDF604A86A}.Debug|Any CPU.Build.0 = Debug|Any CPU
		{6CCA78A3-FB64-402B-8E55-8FDDF604A86A}.Release|Any CPU.ActiveCfg = Release|Any CPU
		{6CCA78A3-FB64-402B-8E55-8FDDF604A86A}.Release|Any CPU.Build.0 = Release|Any CPU
		{EB87A028-5AD4-4DDC-B9A1-DC27D485EACB}.Debug|Any CPU.ActiveCfg = Debug|Any CPU
		{EB87A028-5AD4-4DDC-B9A1-DC27D485EACB}.Debug|Any CPU.Build.0 = Debug|Any CPU
		{EB87A028-5AD4-4DDC-B9A1-DC27D485EACB}.Release|Any CPU.ActiveCfg = Release|Any CPU
		{EB87A028-5AD4-4DDC-B9A1-DC27D485EACB}.Release|Any CPU.Build.0 = Release|Any CPU
	EndGlobalSection
	GlobalSection(SolutionProperties) = preSolution
		HideSolutionNode = FALSE
	EndGlobalSection
	GlobalSection(ExtensibilityGlobals) = postSolution
		SolutionGuid = {D6FF1EDB-02B9-4B18-90D0-67C513163AA9}
	EndGlobalSection
EndGlobal
